{
  "name": "servers",
  "lockfileVersion": 3,
  "requires": true,
  "packages": {
    "": {
      "dependencies": {
        "async": "^3.2.4",
        "minecraft-server-util": "^5.4.2"
      }
    },
    "node_modules/async": {
      "version": "3.2.4",
      "resolved": "https://registry.npmjs.org/async/-/async-3.2.4.tgz",
      "integrity": "sha512-iAB+JbDEGXhyIUavoDl9WP/Jj106Kz9DEn1DPgYw5ruDn0e3Wgi3sKFm55sASdGBNOQB8F59d9qQ7deqrHA8wQ=="
    },
    "node_modules/minecraft-motd-util": {
      "version": "1.1.12",
      "resolved": "https://registry.npmjs.org/minecraft-motd-util/-/minecraft-motd-util-1.1.12.tgz",
      "integrity": "sha512-5TuTRjrRupSTruea0nRC37r0FdhkS1O4wIJKAYfwJRCQd/X4Zyl/dVIs96h9UVW6N8jhIuz9pNkrDsqyN7VBdA=="
    },
    "node_modules/minecraft-server-util": {
      "version": "5.4.2",
      "resolved": "https://registry.npmjs.org/minecraft-server-util/-/minecraft-server-util-5.4.2.tgz",
      "integrity": "sha512-QjCM23pnXya+Fi2i3VxpQ5RS6luBA6Tkr0GAIG9dVhOrG5fBw10MVQyd13fJ4RquY3jQwNiHGX05G/0lnrQD5A==",
      "dependencies": {
        "minecraft-motd-util": "^1.1.9"
      },
      "engines": {
        "node": ">=10.0.0"
      }
    }
  }
}
